
Microsoft Visual Studio Solution File, Format Version 12.00
# Visual Studio Version 17
VisualStudioVersion = 17.4.33122.133
MinimumVisualStudioVersion = 10.0.40219.1
Project("{FAE04EC0-301F-11D3-BF4B-00C04F79EFBC}") = "LabMO2", "LabMO2\LabMO2.csproj", "{37C779BE-97D6-463D-8B9C-5D1245A68CD1}"
EndProject
Global
	GlobalSection(SolutionConfigurationPlatforms) = preSolution
		Debug|Any CPU = Debug|Any CPU
		Release|Any CPU = Release|Any CPU
	EndGlobalSection
	GlobalSection(ProjectConfigurationPlatforms) = postSolution
		{37C779BE-97D6-463D-8B9C-5D1245A68CD1}.Debug|Any CPU.ActiveCfg = Debug|Any CPU
		{37C779BE-97D6-463D-8B9C-5D1245A68CD1}.Debug|Any CPU.Build.0 = Debug|Any CPU
		{37C779BE-97D6-463D-8B9C-5D1245A68CD1}.Release|Any CPU.ActiveCfg = Release|Any CPU
		{37C779BE-97D6-463D-8B9C-5D1245A68CD1}.Release|Any CPU.Build.0 = Release|Any CPU
	EndGlobalSection
	GlobalSection(SolutionProperties) = preSolution
		HideSolutionNode = FALSE
	EndGlobalSection
	GlobalSection(ExtensibilityGlobals) = postSolution
		SolutionGuid = {45B00720-A87D-4BE4-9314-6E8A397E7919}
	EndGlobalSection
EndGlobal
